// !$*UTF8*$!
{
	archiveVersion = 1;
	classes = {
	};
	objectVersion = 50;
	objects = {

/* Begin PBXBuildFile section */
		A41656BC25AA77D400D38DCA /* Grid.swift in Sources */ = {isa = PBXBuildFile; fileRef = A41656BB25AA77D400D38DCA /* Grid.swift */; };
		A41656BF25AA77E800D38DCA /* GridLayout.swift in Sources */ = {isa = PBXBuildFile; fileRef = A41656BE25AA77E800D38DCA /* GridLayout.swift */; };
		A41656C325AA7FC700D38DCA /* EmojiArtDocumentStore.swift in Sources */ = {isa = PBXBuildFile; fileRef = A41656C225AA7FC700D38DCA /* EmojiArtDocumentStore.swift */; };
		A41656C625AA82CA00D38DCA /* EmojiArtDocumentChooser.swift in Sources */ = {isa = PBXBuildFile; fileRef = A41656C525AA82CA00D38DCA /* EmojiArtDocumentChooser.swift */; };
		A41656C925AA8D1A00D38DCA /* EditableText.swift in Sources */ = {isa = PBXBuildFile; fileRef = A41656C825AA8D1A00D38DCA /* EditableText.swift */; };
		A416572925AE811400D38DCA /* ImagePicker.swift in Sources */ = {isa = PBXBuildFile; fileRef = A416572825AE811400D38DCA /* ImagePicker.swift */; };
		A4D4882425A6584A0064E139 /* AppDelegate.swift in Sources */ = {isa = PBXBuildFile; fileRef = A4D4882325A6584A0064E139 /* AppDelegate.swift */; };
		A4D4882625A6584A0064E139 /* SceneDelegate.swift in Sources */ = {isa = PBXBuildFile; fileRef = A4D4882525A6584A0064E139 /* SceneDelegate.swift */; };
		A4D4882825A6584A0064E139 /* EmojiArtDocumentView.swift in Sources */ = {isa = PBXBuildFile; fileRef = A4D4882725A6584A0064E139 /* EmojiArtDocumentView.swift */; };
		A4D4882A25A6584B0064E139 /* Assets.xcassets in Resources */ = {isa = PBXBuildFile; fileRef = A4D4882925A6584B0064E139 /* Assets.xcassets */; };
		A4D4882D25A6584B0064E139 /* Preview Assets.xcassets in Resources */ = {isa = PBXBuildFile; fileRef = A4D4882C25A6584B0064E139 /* Preview Assets.xcassets */; };
		A4D4883025A6584B0064E139 /* LaunchScreen.storyboard in Resources */ = {isa = PBXBuildFile; fileRef = A4D4882E25A6584B0064E139 /* LaunchScreen.storyboard */; };
		A4D4883925A658780064E139 /* EmojiArtDocument.swift in Sources */ = {isa = PBXBuildFile; fileRef = A4D4883825A658780064E139 /* EmojiArtDocument.swift */; };
		A4D4883E25A65CDE0064E139 /* EmojiArt.swift in Sources */ = {isa = PBXBuildFile; fileRef = A4D4883D25A65CDE0064E139 /* EmojiArt.swift */; };
		A4D4884125A660EE0064E139 /* EmojiArtExtensions.swift in Sources */ = {isa = PBXBuildFile; fileRef = A4D4884025A660EE0064E139 /* EmojiArtExtensions.swift */; };
		A4D4884525A681900064E139 /* OptionalImage.swift in Sources */ = {isa = PBXBuildFile; fileRef = A4D4884425A681900064E139 /* OptionalImage.swift */; };
		A4D4884925A684480064E139 /* AnimatableSystemFontModifier.swift in Sources */ = {isa = PBXBuildFile; fileRef = A4D4884825A684480064E139 /* AnimatableSystemFontModifier.swift */; };
		A4D4884C25A6D6780064E139 /* Spinning.swift in Sources */ = {isa = PBXBuildFile; fileRef = A4D4884B25A6D6780064E139 /* Spinning.swift */; };
		A4D4884F25A6DCA30064E139 /* PaletteChooser.swift in Sources */ = {isa = PBXBuildFile; fileRef = A4D4884E25A6DCA30064E139 /* PaletteChooser.swift */; };
		A4D4885225A6DE940064E139 /* EmojiArtDocument+Palette.swift in Sources */ = {isa = PBXBuildFile; fileRef = A4D4885125A6DE940064E139 /* EmojiArtDocument+Palette.swift */; };
/* End PBXBuildFile section */

/* Begin PBXFileReference section */
		A41656BB25AA77D400D38DCA /* Grid.swift */ = {isa = PBXFileReference; fileEncoding = 4; lastKnownFileType = sourcecode.swift; name = Grid.swift; path = ../../Memorize/Memorize/Grid.swift; sourceTree = "<group>"; };
		A41656BE25AA77E800D38DCA /* GridLayout.swift */ = {isa = PBXFileReference; fileEncoding = 4; lastKnownFileType = sourcecode.swift; name = GridLayout.swift; path = ../../Memorize/Memorize/GridLayout.swift; sourceTree = "<group>"; };
		A41656C225AA7FC700D38DCA /* EmojiArtDocumentStore.swift */ = {isa = PBXFileReference; fileEncoding = 4; lastKnownFileType = sourcecode.swift; path = EmojiArtDocumentStore.swift; sourceTree = "<group>"; };
		A41656C525AA82CA00D38DCA /* EmojiArtDocumentChooser.swift */ = {isa = PBXFileReference; lastKnownFileType = sourcecode.swift; path = EmojiArtDocumentChooser.swift; sourceTree = "<group>"; };
		A41656C825AA8D1A00D38DCA /* EditableText.swift */ = {isa = PBXFileReference; fileEncoding = 4; lastKnownFileType = sourcecode.swift; path = EditableText.swift; sourceTree = "<group>"; };
		A416572825AE811400D38DCA /* ImagePicker.swift */ = {isa = PBXFileReference; lastKnownFileType = sourcecode.swift; path = ImagePicker.swift; sourceTree = "<group>"; };
		A4D4882025A6584A0064E139 /* EmojiArt.app */ = {isa = PBXFileReference; explicitFileType = wrapper.application; includeInIndex = 0; path = EmojiArt.app; sourceTree = BUILT_PRODUCTS_DIR; };
		A4D4882325A6584A0064E139 /* AppDelegate.swift */ = {isa = PBXFileReference; lastKnownFileType = sourcecode.swift; path = AppDelegate.swift; sourceTree = "<group>"; };
		A4D4882525A6584A0064E139 /* SceneDelegate.swift */ = {isa = PBXFileReference; lastKnownFileType = sourcecode.swift; path = SceneDelegate.swift; sourceTree = "<group>"; };
		A4D4882725A6584A0064E139 /* EmojiArtDocumentView.swift */ = {isa = PBXFileReference; lastKnownFileType = sourcecode.swift; path = EmojiArtDocumentView.swift; sourceTree = "<group>"; };
		A4D4882925A6584B0064E139 /* Assets.xcassets */ = {isa = PBXFileReference; lastKnownFileType = folder.assetcatalog; path = Assets.xcassets; sourceTree = "<group>"; };
		A4D4882C25A6584B0064E139 /* Preview Assets.xcassets */ = {isa = PBXFileReference; lastKnownFileType = folder.assetcatalog; path = "Preview Assets.xcassets"; sourceTree = "<group>"; };
		A4D4882F25A6584B0064E139 /* Base */ = {isa = PBXFileReference; lastKnownFileType = file.storyboard; name = Base; path = Base.lproj/LaunchScreen.storyboard; sourceTree = "<group>"; };
		A4D4883125A6584B0064E139 /* Info.plist */ = {isa = PBXFileReference; lastKnownFileType = text.plist.xml; path = Info.plist; sourceTree = "<group>"; };
		A4D4883825A658780064E139 /* EmojiArtDocument.swift */ = {isa = PBXFileReference; lastKnownFileType = sourcecode.swift; path = EmojiArtDocument.swift; sourceTree = "<group>"; };
		A4D4883D25A65CDE0064E139 /* EmojiArt.swift */ = {isa = PBXFileReference; lastKnownFileType = sourcecode.swift; path = EmojiArt.swift; sourceTree = "<group>"; };
		A4D4884025A660EE0064E139 /* EmojiArtExtensions.swift */ = {isa = PBXFileReference; lastKnownFileType = sourcecode.swift; path = EmojiArtExtensions.swift; sourceTree = "<group>"; };
		A4D4884425A681900064E139 /* OptionalImage.swift */ = {isa = PBXFileReference; lastKnownFileType = sourcecode.swift; path = OptionalImage.swift; sourceTree = "<group>"; };
		A4D4884825A684480064E139 /* AnimatableSystemFontModifier.swift */ = {isa = PBXFileReference; lastKnownFileType = sourcecode.swift; path = AnimatableSystemFontModifier.swift; sourceTree = "<group>"; };
		A4D4884B25A6D6780064E139 /* Spinning.swift */ = {isa = PBXFileReference; lastKnownFileType = sourcecode.swift; path = Spinning.swift; sourceTree = "<group>"; };
		A4D4884E25A6DCA30064E139 /* PaletteChooser.swift */ = {isa = PBXFileReference; lastKnownFileType = sourcecode.swift; path = PaletteChooser.swift; sourceTree = "<group>"; };
		A4D4885125A6DE940064E139 /* EmojiArtDocument+Palette.swift */ = {isa = PBXFileReference; lastKnownFileType = sourcecode.swift; path = "EmojiArtDocument+Palette.swift"; sourceTree = "<group>"; };
/* End PBXFileReference section */

/* Begin PBXFrameworksBuildPhase section */
		A4D4881D25A6584A0064E139 /* Frameworks */ = {
			isa = PBXFrameworksBuildPhase;
			buildActionMask = 2147483647;
			files = (
			);
			runOnlyForDeploymentPostprocessing = 0;
		};
/* End PBXFrameworksBuildPhase section */

/* Begin PBXGroup section */
		A4D4881725A6584A0064E139 = {
			isa = PBXGroup;
			children = (
				A4D4882225A6584A0064E139 /* EmojiArt */,
				A4D4882125A6584A0064E139 /* Products */,
			);
			sourceTree = "<group>";
		};
		A4D4882125A6584A0064E139 /* Products */ = {
			isa = PBXGroup;
			children = (
				A4D4882025A6584A0064E139 /* EmojiArt.app */,
			);
			name = Products;
			sourceTree = "<group>";
		};
		A4D4882225A6584A0064E139 /* EmojiArt */ = {
			isa = PBXGroup;
			children = (
				A4D4882725A6584A0064E139 /* EmojiArtDocumentView.swift */,
				A416572825AE811400D38DCA /* ImagePicker.swift */,
				A4D4883825A658780064E139 /* EmojiArtDocument.swift */,
				A41656C225AA7FC700D38DCA /* EmojiArtDocumentStore.swift */,
				A41656C525AA82CA00D38DCA /* EmojiArtDocumentChooser.swift */,
				A4D4884E25A6DCA30064E139 /* PaletteChooser.swift */,
				A41656C825AA8D1A00D38DCA /* EditableText.swift */,
				A4D4885125A6DE940064E139 /* EmojiArtDocument+Palette.swift */,
				A4D4883D25A65CDE0064E139 /* EmojiArt.swift */,
				A4D4884B25A6D6780064E139 /* Spinning.swift */,
				A4D4884425A681900064E139 /* OptionalImage.swift */,
				A4D4884825A684480064E139 /* AnimatableSystemFontModifier.swift */,
				A4D4884025A660EE0064E139 /* EmojiArtExtensions.swift */,
				A4D4882925A6584B0064E139 /* Assets.xcassets */,
				A41656BB25AA77D400D38DCA /* Grid.swift */,
				A41656BE25AA77E800D38DCA /* GridLayout.swift */,
				A4D4882325A6584A0064E139 /* AppDelegate.swift */,
				A4D4882525A6584A0064E139 /* SceneDelegate.swift */,
				A4D4882E25A6584B0064E139 /* LaunchScreen.storyboard */,
				A4D4883125A6584B0064E139 /* Info.plist */,
				A4D4882B25A6584B0064E139 /* Preview Content */,
			);
			path = EmojiArt;
			sourceTree = "<group>";
		};
		A4D4882B25A6584B0064E139 /* Preview Content */ = {
			isa = PBXGroup;
			children = (
				A4D4882C25A6584B0064E139 /* Preview Assets.xcassets */,
			);
			path = "Preview Content";
			sourceTree = "<group>";
		};
/* End PBXGroup section */

/* Begin PBXNativeTarget section */
		A4D4881F25A6584A0064E139 /* EmojiArt */ = {
			isa = PBXNativeTarget;
			buildConfigurationList = A4D4883425A6584B0064E139 /* Build configuration list for PBXNativeTarget "EmojiArt" */;
			buildPhases = (
				A4D4881C25A6584A0064E139 /* Sources */,
				A4D4881D25A6584A0064E139 /* Frameworks */,
				A4D4881E25A6584A0064E139 /* Resources */,
			);
			buildRules = (
			);
			dependencies = (
			);
			name = EmojiArt;
			productName = EmojiArt;
			productReference = A4D4882025A6584A0064E139 /* EmojiArt.app */;
			productType = "com.apple.product-type.application";
		};
/* End PBXNativeTarget section */

/* Begin PBXProject section */
		A4D4881825A6584A0064E139 /* Project object */ = {
			isa = PBXProject;
			attributes = {
				LastSwiftUpdateCheck = 1230;
				LastUpgradeCheck = 1230;
				TargetAttributes = {
					A4D4881F25A6584A0064E139 = {
						CreatedOnToolsVersion = 12.3;
					};
				};
			};
			buildConfigurationList = A4D4881B25A6584A0064E139 /* Build configuration list for PBXProject "EmojiArt" */;
			compatibilityVersion = "Xcode 9.3";
			developmentRegion = en;
			hasScannedForEncodings = 0;
			knownRegions = (
				en,
				Base,
			);
			mainGroup = A4D4881725A6584A0064E139;
			productRefGroup = A4D4882125A6584A0064E139 /* Products */;
			projectDirPath = "";
			projectRoot = "";
			targets = (
				A4D4881F25A6584A0064E139 /* EmojiArt */,
			);
		};
/* End PBXProject section */

/* Begin PBXResourcesBuildPhase section */
		A4D4881E25A6584A0064E139 /* Resources */ = {
			isa = PBXResourcesBuildPhase;
			buildActionMask = 2147483647;
			files = (
				A4D4883025A6584B0064E139 /* LaunchScreen.storyboard in Resources */,
				A4D4882D25A6584B0064E139 /* Preview Assets.xcassets in Resources */,
				A4D4882A25A6584B0064E139 /* Assets.xcassets in Resources */,
			);
			runOnlyForDeploymentPostprocessing = 0;
		};
/* End PBXResourcesBuildPhase section */

/* Begin PBXSourcesBuildPhase section */
		A4D4881C25A6584A0064E139 /* Sources */ = {
			isa = PBXSourcesBuildPhase;
			buildActionMask = 2147483647;
			files = (
				A4D4882425A6584A0064E139 /* AppDelegate.swift in Sources */,
				A4D4882625A6584A0064E139 /* SceneDelegate.swift in Sources */,
				A4D4885225A6DE940064E139 /* EmojiArtDocument+Palette.swift in Sources */,
				A416572925AE811400D38DCA /* ImagePicker.swift in Sources */,
				A4D4884125A660EE0064E139 /* EmojiArtExtensions.swift in Sources */,
				A4D4883E25A65CDE0064E139 /* EmojiArt.swift in Sources */,
				A4D4882825A6584A0064E139 /* EmojiArtDocumentView.swift in Sources */,
				A41656BF25AA77E800D38DCA /* GridLayout.swift in Sources */,
				A4D4884525A681900064E139 /* OptionalImage.swift in Sources */,
				A4D4884C25A6D6780064E139 /* Spinning.swift in Sources */,
				A41656C325AA7FC700D38DCA /* EmojiArtDocumentStore.swift in Sources */,
				A4D4884925A684480064E139 /* AnimatableSystemFontModifier.swift in Sources */,
				A41656C625AA82CA00D38DCA /* EmojiArtDocumentChooser.swift in Sources */,
				A41656C925AA8D1A00D38DCA /* EditableText.swift in Sources */,
				A4D4883925A658780064E139 /* EmojiArtDocument.swift in Sources */,
				A4D4884F25A6DCA30064E139 /* PaletteChooser.swift in Sources */,
				A41656BC25AA77D400D38DCA /* Grid.swift in Sources */,
			);
			runOnlyForDeploymentPostprocessing = 0;
		};
/* End PBXSourcesBuildPhase section */

/* Begin PBXVariantGroup section */
		A4D4882E25A6584B0064E139 /* LaunchScreen.storyboard */ = {
			isa = PBXVariantGroup;
			children = (
				A4D4882F25A6584B0064E139 /* Base */,
			);
			name = LaunchScreen.storyboard;
			sourceTree = "<group>";
		};
/* End PBXVariantGroup section */

/* Begin XCBuildConfiguration section */
		A4D4883225A6584B0064E139 /* Debug */ = {
			isa = XCBuildConfiguration;
			buildSettings = {
				ALWAYS_SEARCH_USER_PATHS = NO;
				CLANG_ANALYZER_NONNULL = YES;
				CLANG_ANALYZER_NUMBER_OBJECT_CONVERSION = YES_AGGRESSIVE;
				CLANG_CXX_LANGUAGE_STANDARD = "gnu++14";
				CLANG_CXX_LIBRARY = "libc++";
				CLANG_ENABLE_MODULES = YES;
				CLANG_ENABLE_OBJC_ARC = YES;
				CLANG_ENABLE_OBJC_WEAK = YES;
				CLANG_WARN_BLOCK_CAPTURE_AUTORELEASING = YES;
				CLANG_WARN_BOOL_CONVERSION = YES;
				CLANG_WARN_COMMA = YES;
				CLANG_WARN_CONSTANT_CONVERSION = YES;
				CLANG_WARN_DEPRECATED_OBJC_IMPLEMENTATIONS = YES;
				CLANG_WARN_DIRECT_OBJC_ISA_USAGE = YES_ERROR;
				CLANG_WARN_DOCUMENTATION_COMMENTS = YES;
				CLANG_WARN_EMPTY_BODY = YES;
				CLANG_WARN_ENUM_CONVERSION = YES;
				CLANG_WARN_INFINITE_RECURSION = YES;
				CLANG_WARN_INT_CONVERSION = YES;
				CLANG_WARN_NON_LITERAL_NULL_CONVERSION = YES;
				CLANG_WARN_OBJC_IMPLICIT_RETAIN_SELF = YES;
				CLANG_WARN_OBJC_LITERAL_CONVERSION = YES;
				CLANG_WARN_OBJC_ROOT_CLASS = YES_ERROR;
				CLANG_WARN_QUOTED_INCLUDE_IN_FRAMEWORK_HEADER = YES;
				CLANG_WARN_RANGE_LOOP_ANALYSIS = YES;
				CLANG_WARN_STRICT_PROTOTYPES = YES;
				CLANG_WARN_SUSPICIOUS_MOVE = YES;
				CLANG_WARN_UNGUARDED_AVAILABILITY = YES_AGGRESSIVE;
				CLANG_WARN_UNREACHABLE_CODE = YES;
				CLANG_WARN__DUPLICATE_METHOD_MATCH = YES;
				COPY_PHASE_STRIP = NO;
				DEBUG_INFORMATION_FORMAT = dwarf;
				ENABLE_STRICT_OBJC_MSGSEND = YES;
				ENABLE_TESTABILITY = YES;
				GCC_C_LANGUAGE_STANDARD = gnu11;
				GCC_DYNAMIC_NO_PIC = NO;
				GCC_NO_COMMON_BLOCKS = YES;
				GCC_OPTIMIZATION_LEVEL = 0;
				GCC_PREPROCESSOR_DEFINITIONS = (
					"DEBUG=1",
					"$(inherited)",
				);
				GCC_WARN_64_TO_32_BIT_CONVERSION = YES;
				GCC_WARN_ABOUT_RETURN_TYPE = YES_ERROR;
				GCC_WARN_UNDECLARED_SELECTOR = YES;
				GCC_WARN_UNINITIALIZED_AUTOS = YES_AGGRESSIVE;
				GCC_WARN_UNUSED_FUNCTION = YES;
				GCC_WARN_UNUSED_VARIABLE = YES;
				IPHONEOS_DEPLOYMENT_TARGET = 14.3;
				MTL_ENABLE_DEBUG_INFO = INCLUDE_SOURCE;
				MTL_FAST_MATH = YES;
				ONLY_ACTIVE_ARCH = YES;
				SDKROOT = iphoneos;
				SWIFT_ACTIVE_COMPILATION_CONDITIONS = DEBUG;
				SWIFT_OPTIMIZATION_LEVEL = "-Onone";
			};
			name = Debug;
		};
		A4D4883325A6584B0064E139 /* Release */ = {
			isa = XCBuildConfiguration;
			buildSettings = {
				ALWAYS_SEARCH_USER_PATHS = NO;
				CLANG_ANALYZER_NONNULL = YES;
				CLANG_ANALYZER_NUMBER_OBJECT_CONVERSION = YES_AGGRESSIVE;
				CLANG_CXX_LANGUAGE_STANDARD = "gnu++14";
				CLANG_CXX_LIBRARY = "libc++";
				CLANG_ENABLE_MODULES = YES;
				CLANG_ENABLE_OBJC_ARC = YES;
				CLANG_ENABLE_OBJC_WEAK = YES;
				CLANG_WARN_BLOCK_CAPTURE_AUTORELEASING = YES;
				CLANG_WARN_BOOL_CONVERSION = YES;
				CLANG_WARN_COMMA = YES;
				CLANG_WARN_CONSTANT_CONVERSION = YES;
				CLANG_WARN_DEPRECATED_OBJC_IMPLEMENTATIONS = YES;
				CLANG_WARN_DIRECT_OBJC_ISA_USAGE = YES_ERROR;
				CLANG_WARN_DOCUMENTATION_COMMENTS = YES;
				CLANG_WARN_EMPTY_BODY = YES;
				CLANG_WARN_ENUM_CONVERSION = YES;
				CLANG_WARN_INFINITE_RECURSION = YES;
				CLANG_WARN_INT_CONVERSION = YES;
				CLANG_WARN_NON_LITERAL_NULL_CONVERSION = YES;
				CLANG_WARN_OBJC_IMPLICIT_RETAIN_SELF = YES;
				CLANG_WARN_OBJC_LITERAL_CONVERSION = YES;
				CLANG_WARN_OBJC_ROOT_CLASS = YES_ERROR;
				CLANG_WARN_QUOTED_INCLUDE_IN_FRAMEWORK_HEADER = YES;
				CLANG_WARN_RANGE_LOOP_ANALYSIS = YES;
				CLANG_WARN_STRICT_PROTOTYPES = YES;
				CLANG_WARN_SUSPICIOUS_MOVE = YES;
				CLANG_WARN_UNGUARDED_AVAILABILITY = YES_AGGRESSIVE;
				CLANG_WARN_UNREACHABLE_CODE = YES;
				CLANG_WARN__DUPLICATE_METHOD_MATCH = YES;
				COPY_PHASE_STRIP = NO;
				DEBUG_INFORMATION_FORMAT = "dwarf-with-dsym";
				ENABLE_NS_ASSERTIONS = NO;
				ENABLE_STRICT_OBJC_MSGSEND = YES;
				GCC_C_LANGUAGE_STANDARD = gnu11;
				GCC_NO_COMMON_BLOCKS = YES;
				GCC_WARN_64_TO_32_BIT_CONVERSION = YES;
				GCC_WARN_ABOUT_RETURN_TYPE = YES_ERROR;
				GCC_WARN_UNDECLARED_SELECTOR = YES;
				GCC_WARN_UNINITIALIZED_AUTOS = YES_AGGRESSIVE;
				GCC_WARN_UNUSED_FUNCTION = YES;
				GCC_WARN_UNUSED_VARIABLE = YES;
				IPHONEOS_DEPLOYMENT_TARGET = 14.3;
				MTL_ENABLE_DEBUG_INFO = NO;
				MTL_FAST_MATH = YES;
				SDKROOT = iphoneos;
				SWIFT_COMPILATION_MODE = wholemodule;
				SWIFT_OPTIMIZATION_LEVEL = "-O";
				VALIDATE_PRODUCT = YES;
			};
			name = Release;
		};
		A4D4883525A6584B0064E139 /* Debug */ = {
			isa = XCBuildConfiguration;
			buildSettings = {
				ASSETCATALOG_COMPILER_APPICON_NAME = AppIcon;
				ASSETCATALOG_COMPILER_GLOBAL_ACCENT_COLOR_NAME = AccentColor;
				CODE_SIGN_STYLE = Automatic;
				DEVELOPMENT_ASSET_PATHS = "\"EmojiArt/Preview Content\"";
				DEVELOPMENT_TEAM = F97GQKBRFT;
				ENABLE_PREVIEWS = YES;
				INFOPLIST_FILE = EmojiArt/Info.plist;
				LD_RUNPATH_SEARCH_PATHS = (
					"$(inherited)",
					"@executable_path/Frameworks",
				);
				PRODUCT_BUNDLE_IDENTIFIER = io.ultraviollette.EmojiArt;
				PRODUCT_NAME = "$(TARGET_NAME)";
				SWIFT_VERSION = 5.0;
				TARGETED_DEVICE_FAMILY = "1,2";
			};
			name = Debug;
		};
		A4D4883625A6584B0064E139 /* Release */ = {
			isa = XCBuildConfiguration;
			buildSettings = {
				ASSETCATALOG_COMPILER_APPICON_NAME = AppIcon;
				ASSETCATALOG_COMPILER_GLOBAL_ACCENT_COLOR_NAME = AccentColor;
				CODE_SIGN_STYLE = Automatic;
				DEVELOPMENT_ASSET_PATHS = "\"EmojiArt/Preview Content\"";
				DEVELOPMENT_TEAM = F97GQKBRFT;
				ENABLE_PREVIEWS = YES;
				INFOPLIST_FILE = EmojiArt/Info.plist;
				LD_RUNPATH_SEARCH_PATHS = (
					"$(inherited)",
					"@executable_path/Frameworks",
				);
				PRODUCT_BUNDLE_IDENTIFIER = io.ultraviollette.EmojiArt;
				PRODUCT_NAME = "$(TARGET_NAME)";
				SWIFT_VERSION = 5.0;
				TARGETED_DEVICE_FAMILY = "1,2";
			};
			name = Release;
		};
/* End XCBuildConfiguration section */

/* Begin XCConfigurationList section */
		A4D4881B25A6584A0064E139 /* Build configuration list for PBXProject "EmojiArt" */ = {
			isa = XCConfigurationList;
			buildConfigurations = (
				A4D4883225A6584B0064E139 /* Debug */,
				A4D4883325A6584B0064E139 /* Release */,
			);
			defaultConfigurationIsVisible = 0;
			defaultConfigurationName = Release;
		};
		A4D4883425A6584B0064E139 /* Build configuration list for PBXNativeTarget "EmojiArt" */ = {
			isa = XCConfigurationList;
			buildConfigurations = (
				A4D4883525A6584B0064E139 /* Debug */,
				A4D4883625A6584B0064E139 /* Release */,
			);
			defaultConfigurationIsVisible = 0;
			defaultConfigurationName = Release;
		};
/* End XCConfigurationList section */
	};
	rootObject = A4D4881825A6584A0064E139 /* Project object */;
}
